
Microsoft Visual Studio Solution File, Format Version 12.00
# Visual Studio 2013
VisualStudioVersion = 12.0.30501.0
MinimumVisualStudioVersion = 10.0.40219.1
Project("{FAE04EC0-301F-11D3-BF4B-00C04F79EFBC}") = "SampleTaskDelay", "SampleTaskDelay\SampleTaskDelay\SampleTaskDelay.csproj", "{F7163DB9-1D83-4889-8A06-F86EF36B58E2}"
EndProject
Project("{FAE04EC0-301F-11D3-BF4B-00C04F79EFBC}") = "SampleTaskDelay.iOS", "SampleTaskDelay\SampleTaskDelay.iOS\SampleTaskDelay.iOS.csproj", "{BEE9581E-E7FC-48DB-A007-0FF3AA3EAA18}"
EndProject
Project("{FAE04EC0-301F-11D3-BF4B-00C04F79EFBC}") = "SampleTaskDelay.Android", "SampleTaskDelay\SampleTaskDelay.Android\SampleTaskDelay.Android.csproj", "{C467D9A3-252A-4662-A9B4-12940F590BCA}"
EndProject
Project("{FAE04EC0-301F-11D3-BF4B-00C04F79EFBC}") = "SampleTaskDelay.WinPhone", "SampleTaskDelay\SampleTaskDelay.WinPhone\SampleTaskDelay.WinPhone.csproj", "{59D7EC55-D25B-4308-A337-CFDE8B23168E}"
EndProject
Project("{FAE04EC0-301F-11D3-BF4B-00C04F79EFBC}") = "TaskDelay.Android", "TaskDelay.Android\TaskDelay.Android.csproj", "{5998EBC7-7FDA-4BF6-AA07-C408EDD95177}"
EndProject
Project("{2150E333-8FDC-42A3-9474-1A3956D46DE8}") = "TaskDelay.Win", "TaskDelay.Win", "{B565F2D7-61B9-40B1-98C7-F8BD70562ACF}"
EndProject
Project("{D954291E-2A0B-460D-934E-DC6B0785DB48}") = "TaskDelay.Win.Shared", "TaskDelay.Win\TaskDelay.Win.Shared\TaskDelay.Win.Shared.shproj", "{58A412BE-D86C-44BD-8303-EFEB35D2384A}"
EndProject
Project("{FAE04EC0-301F-11D3-BF4B-00C04F79EFBC}") = "TaskDelay.Win.Windows", "TaskDelay.Win\TaskDelay.Win.Windows\TaskDelay.Win.Windows.csproj", "{78A642DD-B77A-4F58-B362-3844276E2D35}"
EndProject
Project("{FAE04EC0-301F-11D3-BF4B-00C04F79EFBC}") = "TaskDelay.Win.WindowsPhone", "TaskDelay.Win\TaskDelay.Win.WindowsPhone\TaskDelay.Win.WindowsPhone.csproj", "{65423D03-0071-4AAB-BBBE-23A2828A363A}"
EndProject
Project("{FAE04EC0-301F-11D3-BF4B-00C04F79EFBC}") = "TaskDelay.iOS", "TaskDelay.iOS\TaskDelay.iOS.csproj", "{521B822D-B8B5-4612-BD01-4362AD394780}"
EndProject
Global
	GlobalSection(SharedMSBuildProjectFiles) = preSolution
		TaskDelay.Win\TaskDelay.Win.Shared\TaskDelay.Win.Shared.projitems*{78a642dd-b77a-4f58-b362-3844276e2d35}*SharedItemsImports = 4
		TaskDelay.Win\TaskDelay.Win.Shared\TaskDelay.Win.Shared.projitems*{65423d03-0071-4aab-bbbe-23a2828a363a}*SharedItemsImports = 4
		TaskDelay.Win\TaskDelay.Win.Shared\TaskDelay.Win.Shared.projitems*{58a412be-d86c-44bd-8303-efeb35d2384a}*SharedItemsImports = 13
	EndGlobalSection
	GlobalSection(SolutionConfigurationPlatforms) = preSolution
		Ad-Hoc|Any CPU = Ad-Hoc|Any CPU
		Ad-Hoc|ARM = Ad-Hoc|ARM
		Ad-Hoc|iPhone = Ad-Hoc|iPhone
		Ad-Hoc|iPhoneSimulator = Ad-Hoc|iPhoneSimulator
		Ad-Hoc|Mixed Platforms = Ad-Hoc|Mixed Platforms
		Ad-Hoc|x64 = Ad-Hoc|x64
		Ad-Hoc|x86 = Ad-Hoc|x86
		AppStore|Any CPU = AppStore|Any CPU
		AppStore|ARM = AppStore|ARM
		AppStore|iPhone = AppStore|iPhone
		AppStore|iPhoneSimulator = AppStore|iPhoneSimulator
		AppStore|Mixed Platforms = AppStore|Mixed Platforms
		AppStore|x64 = AppStore|x64
		AppStore|x86 = AppStore|x86
		Debug|Any CPU = Debug|Any CPU
		Debug|ARM = Debug|ARM
		Debug|iPhone = Debug|iPhone
		Debug|iPhoneSimulator = Debug|iPhoneSimulator
		Debug|Mixed Platforms = Debug|Mixed Platforms
		Debug|x64 = Debug|x64
		Debug|x86 = Debug|x86
		Release|Any CPU = Release|Any CPU
		Release|ARM = Release|ARM
		Release|iPhone = Release|iPhone
		Release|iPhoneSimulator = Release|iPhoneSimulator
		Release|Mixed Platforms = Release|Mixed Platforms
		Release|x64 = Release|x64
		Release|x86 = Release|x86
	EndGlobalSection
	GlobalSection(ProjectConfigurationPlatforms) = postSolution
		{F7163DB9-1D83-4889-8A06-F86EF36B58E2}.Ad-Hoc|Any CPU.ActiveCfg = Release|Any CPU
		{F7163DB9-1D83-4889-8A06-F86EF36B58E2}.Ad-Hoc|Any CPU.Build.0 = Release|Any CPU
		{F7163DB9-1D83-4889-8A06-F86EF36B58E2}.Ad-Hoc|ARM.ActiveCfg = Release|Any CPU
		{F7163DB9-1D83-4889-8A06-F86EF36B58E2}.Ad-Hoc|iPhone.ActiveCfg = Release|Any CPU
		{F7163DB9-1D83-4889-8A06-F86EF36B58E2}.Ad-Hoc|iPhoneSimulator.ActiveCfg = Release|Any CPU
		{F7163DB9-1D83-4889-8A06-F86EF36B58E2}.Ad-Hoc|Mixed Platforms.ActiveCfg = Release|Any CPU
		{F7163DB9-1D83-4889-8A06-F86EF36B58E2}.Ad-Hoc|Mixed Platforms.Build.0 = Release|Any CPU
		{F7163DB9-1D83-4889-8A06-F86EF36B58E2}.Ad-Hoc|x64.ActiveCfg = Release|Any CPU
		{F7163DB9-1D83-4889-8A06-F86EF36B58E2}.Ad-Hoc|x86.ActiveCfg = Release|Any CPU
		{F7163DB9-1D83-4889-8A06-F86EF36B58E2}.AppStore|Any CPU.ActiveCfg = Release|Any CPU
		{F7163DB9-1D83-4889-8A06-F86EF36B58E2}.AppStore|Any CPU.Build.0 = Release|Any CPU
		{F7163DB9-1D83-4889-8A06-F86EF36B58E2}.AppStore|ARM.ActiveCfg = Release|Any CPU
		{F7163DB9-1D83-4889-8A06-F86EF36B58E2}.AppStore|iPhone.ActiveCfg = Release|Any CPU
		{F7163DB9-1D83-4889-8A06-F86EF36B58E2}.AppStore|iPhoneSimulator.ActiveCfg = Release|Any CPU
		{F7163DB9-1D83-4889-8A06-F86EF36B58E2}.AppStore|Mixed Platforms.ActiveCfg = Release|Any CPU
		{F7163DB9-1D83-4889-8A06-F86EF36B58E2}.AppStore|Mixed Platforms.Build.0 = Release|Any CPU
		{F7163DB9-1D83-4889-8A06-F86EF36B58E2}.AppStore|x64.ActiveCfg = Release|Any CPU
		{F7163DB9-1D83-4889-8A06-F86EF36B58E2}.AppStore|x86.ActiveCfg = Release|Any CPU
		{F7163DB9-1D83-4889-8A06-F86EF36B58E2}.Debug|Any CPU.ActiveCfg = Debug|Any CPU
		{F7163DB9-1D83-4889-8A06-F86EF36B58E2}.Debug|Any CPU.Build.0 = Debug|Any CPU
		{F7163DB9-1D83-4889-8A06-F86EF36B58E2}.Debug|ARM.ActiveCfg = Debug|Any CPU
		{F7163DB9-1D83-4889-8A06-F86EF36B58E2}.Debug|iPhone.ActiveCfg = Debug|Any CPU
		{F7163DB9-1D83-4889-8A06-F86EF36B58E2}.Debug|iPhoneSimulator.ActiveCfg = Debug|Any CPU
		{F7163DB9-1D83-4889-8A06-F86EF36B58E2}.Debug|Mixed Platforms.ActiveCfg = Debug|Any CPU
		{F7163DB9-1D83-4889-8A06-F86EF36B58E2}.Debug|Mixed Platforms.Build.0 = Debug|Any CPU
		{F7163DB9-1D83-4889-8A06-F86EF36B58E2}.Debug|x64.ActiveCfg = Debug|Any CPU
		{F7163DB9-1D83-4889-8A06-F86EF36B58E2}.Debug|x86.ActiveCfg = Debug|Any CPU
		{F7163DB9-1D83-4889-8A06-F86EF36B58E2}.Release|Any CPU.ActiveCfg = Release|Any CPU
		{F7163DB9-1D83-4889-8A06-F86EF36B58E2}.Release|Any CPU.Build.0 = Release|Any CPU
		{F7163DB9-1D83-4889-8A06-F86EF36B58E2}.Release|ARM.ActiveCfg = Release|Any CPU
		{F7163DB9-1D83-4889-8A06-F86EF36B58E2}.Release|iPhone.ActiveCfg = Release|Any CPU
		{F7163DB9-1D83-4889-8A06-F86EF36B58E2}.Release|iPhoneSimulator.ActiveCfg = Release|Any CPU
		{F7163DB9-1D83-4889-8A06-F86EF36B58E2}.Release|Mixed Platforms.ActiveCfg = Release|Any CPU
		{F7163DB9-1D83-4889-8A06-F86EF36B58E2}.Release|Mixed Platforms.Build.0 = Release|Any CPU
		{F7163DB9-1D83-4889-8A06-F86EF36B58E2}.Release|x64.ActiveCfg = Release|Any CPU
		{F7163DB9-1D83-4889-8A06-F86EF36B58E2}.Release|x86.ActiveCfg = Release|Any CPU
		{BEE9581E-E7FC-48DB-A007-0FF3AA3EAA18}.Ad-Hoc|Any CPU.ActiveCfg = Ad-Hoc|iPhone
		{BEE9581E-E7FC-48DB-A007-0FF3AA3EAA18}.Ad-Hoc|ARM.ActiveCfg = Ad-Hoc|iPhone
		{BEE9581E-E7FC-48DB-A007-0FF3AA3EAA18}.Ad-Hoc|iPhone.ActiveCfg = Ad-Hoc|iPhone
		{BEE9581E-E7FC-48DB-A007-0FF3AA3EAA18}.Ad-Hoc|iPhone.Build.0 = Ad-Hoc|iPhone
		{BEE9581E-E7FC-48DB-A007-0FF3AA3EAA18}.Ad-Hoc|iPhone.Deploy.0 = Ad-Hoc|iPhone
		{BEE9581E-E7FC-48DB-A007-0FF3AA3EAA18}.Ad-Hoc|iPhoneSimulator.ActiveCfg = Ad-Hoc|iPhoneSimulator
		{BEE9581E-E7FC-48DB-A007-0FF3AA3EAA18}.Ad-Hoc|iPhoneSimulator.Build.0 = Ad-Hoc|iPhoneSimulator
		{BEE9581E-E7FC-48DB-A007-0FF3AA3EAA18}.Ad-Hoc|iPhoneSimulator.Deploy.0 = Ad-Hoc|iPhoneSimulator
		{BEE9581E-E7FC-48DB-A007-0FF3AA3EAA18}.Ad-Hoc|Mixed Platforms.ActiveCfg = Ad-Hoc|iPhone
		{BEE9581E-E7FC-48DB-A007-0FF3AA3EAA18}.Ad-Hoc|Mixed Platforms.Build.0 = Ad-Hoc|iPhone
		{BEE9581E-E7FC-48DB-A007-0FF3AA3EAA18}.Ad-Hoc|Mixed Platforms.Deploy.0 = Ad-Hoc|iPhone
		{BEE9581E-E7FC-48DB-A007-0FF3AA3EAA18}.Ad-Hoc|x64.ActiveCfg = Ad-Hoc|iPhone
		{BEE9581E-E7FC-48DB-A007-0FF3AA3EAA18}.Ad-Hoc|x86.ActiveCfg = Ad-Hoc|iPhone
		{BEE9581E-E7FC-48DB-A007-0FF3AA3EAA18}.AppStore|Any CPU.ActiveCfg = AppStore|iPhone
		{BEE9581E-E7FC-48DB-A007-0FF3AA3EAA18}.AppStore|ARM.ActiveCfg = AppStore|iPhone
		{BEE9581E-E7FC-48DB-A007-0FF3AA3EAA18}.AppStore|iPhone.ActiveCfg = AppStore|iPhone
		{BEE9581E-E7FC-48DB-A007-0FF3AA3EAA18}.AppStore|iPhone.Build.0 = AppStore|iPhone
		{BEE9581E-E7FC-48DB-A007-0FF3AA3EAA18}.AppStore|iPhone.Deploy.0 = AppStore|iPhone
		{BEE9581E-E7FC-48DB-A007-0FF3AA3EAA18}.AppStore|iPhoneSimulator.ActiveCfg = AppStore|iPhoneSimulator
		{BEE9581E-E7FC-48DB-A007-0FF3AA3EAA18}.AppStore|iPhoneSimulator.Build.0 = AppStore|iPhoneSimulator
		{BEE9581E-E7FC-48DB-A007-0FF3AA3EAA18}.AppStore|iPhoneSimulator.Deploy.0 = AppStore|iPhoneSimulator
		{BEE9581E-E7FC-48DB-A007-0FF3AA3EAA18}.AppStore|Mixed Platforms.ActiveCfg = AppStore|iPhone
		{BEE9581E-E7FC-48DB-A007-0FF3AA3EAA18}.AppStore|Mixed Platforms.Build.0 = AppStore|iPhone
		{BEE9581E-E7FC-48DB-A007-0FF3AA3EAA18}.AppStore|Mixed Platforms.Deploy.0 = AppStore|iPhone
		{BEE9581E-E7FC-48DB-A007-0FF3AA3EAA18}.AppStore|x64.ActiveCfg = AppStore|iPhone
		{BEE9581E-E7FC-48DB-A007-0FF3AA3EAA18}.AppStore|x86.ActiveCfg = AppStore|iPhone
		{BEE9581E-E7FC-48DB-A007-0FF3AA3EAA18}.Debug|Any CPU.ActiveCfg = Debug|iPhone
		{BEE9581E-E7FC-48DB-A007-0FF3AA3EAA18}.Debug|ARM.ActiveCfg = Debug|iPhone
		{BEE9581E-E7FC-48DB-A007-0FF3AA3EAA18}.Debug|iPhone.ActiveCfg = Debug|iPhone
		{BEE9581E-E7FC-48DB-A007-0FF3AA3EAA18}.Debug|iPhone.Build.0 = Debug|iPhone
		{BEE9581E-E7FC-48DB-A007-0FF3AA3EAA18}.Debug|iPhone.Deploy.0 = Debug|iPhone
		{BEE9581E-E7FC-48DB-A007-0FF3AA3EAA18}.Debug|iPhoneSimulator.ActiveCfg = Debug|iPhoneSimulator
		{BEE9581E-E7FC-48DB-A007-0FF3AA3EAA18}.Debug|iPhoneSimulator.Build.0 = Debug|iPhoneSimulator
		{BEE9581E-E7FC-48DB-A007-0FF3AA3EAA18}.Debug|iPhoneSimulator.Deploy.0 = Debug|iPhoneSimulator
		{BEE9581E-E7FC-48DB-A007-0FF3AA3EAA18}.Debug|Mixed Platforms.ActiveCfg = Debug|iPhone
		{BEE9581E-E7FC-48DB-A007-0FF3AA3EAA18}.Debug|Mixed Platforms.Build.0 = Debug|iPhone
		{BEE9581E-E7FC-48DB-A007-0FF3AA3EAA18}.Debug|Mixed Platforms.Deploy.0 = Debug|iPhone
		{BEE9581E-E7FC-48DB-A007-0FF3AA3EAA18}.Debug|x64.ActiveCfg = Debug|iPhone
		{BEE9581E-E7FC-48DB-A007-0FF3AA3EAA18}.Debug|x86.ActiveCfg = Debug|iPhone
		{BEE9581E-E7FC-48DB-A007-0FF3AA3EAA18}.Release|Any CPU.ActiveCfg = Release|iPhone
		{BEE9581E-E7FC-48DB-A007-0FF3AA3EAA18}.Release|ARM.ActiveCfg = Release|iPhone
		{BEE9581E-E7FC-48DB-A007-0FF3AA3EAA18}.Release|iPhone.ActiveCfg = Release|iPhone
		{BEE9581E-E7FC-48DB-A007-0FF3AA3EAA18}.Release|iPhone.Build.0 = Release|iPhone
		{BEE9581E-E7FC-48DB-A007-0FF3AA3EAA18}.Release|iPhone.Deploy.0 = Release|iPhone
		{BEE9581E-E7FC-48DB-A007-0FF3AA3EAA18}.Release|iPhoneSimulator.ActiveCfg = Release|iPhoneSimulator
		{BEE9581E-E7FC-48DB-A007-0FF3AA3EAA18}.Release|iPhoneSimulator.Build.0 = Release|iPhoneSimulator
		{BEE9581E-E7FC-48DB-A007-0FF3AA3EAA18}.Release|iPhoneSimulator.Deploy.0 = Release|iPhoneSimulator
		{BEE9581E-E7FC-48DB-A007-0FF3AA3EAA18}.Release|Mixed Platforms.ActiveCfg = Release|iPhone
		{BEE9581E-E7FC-48DB-A007-0FF3AA3EAA18}.Release|Mixed Platforms.Build.0 = Release|iPhone
		{BEE9581E-E7FC-48DB-A007-0FF3AA3EAA18}.Release|Mixed Platforms.Deploy.0 = Release|iPhone
		{BEE9581E-E7FC-48DB-A007-0FF3AA3EAA18}.Release|x64.ActiveCfg = Release|iPhone
		{BEE9581E-E7FC-48DB-A007-0FF3AA3EAA18}.Release|x86.ActiveCfg = Release|iPhone
		{C467D9A3-252A-4662-A9B4-12940F590BCA}.Ad-Hoc|Any CPU.ActiveCfg = Release|Any CPU
		{C467D9A3-252A-4662-A9B4-12940F590BCA}.Ad-Hoc|Any CPU.Build.0 = Release|Any CPU
		{C467D9A3-252A-4662-A9B4-12940F590BCA}.Ad-Hoc|Any CPU.Deploy.0 = Release|Any CPU
		{C467D9A3-252A-4662-A9B4-12940F590BCA}.Ad-Hoc|ARM.ActiveCfg = Release|Any CPU
		{C467D9A3-252A-4662-A9B4-12940F590BCA}.Ad-Hoc|iPhone.ActiveCfg = Release|Any CPU
		{C467D9A3-252A-4662-A9B4-12940F590BCA}.Ad-Hoc|iPhoneSimulator.ActiveCfg = Release|Any CPU
		{C467D9A3-252A-4662-A9B4-12940F590BCA}.Ad-Hoc|Mixed Platforms.ActiveCfg = Release|Any CPU
		{C467D9A3-252A-4662-A9B4-12940F590BCA}.Ad-Hoc|Mixed Platforms.Build.0 = Release|Any CPU
		{C467D9A3-252A-4662-A9B4-12940F590BCA}.Ad-Hoc|Mixed Platforms.Deploy.0 = Release|Any CPU
		{C467D9A3-252A-4662-A9B4-12940F590BCA}.Ad-Hoc|x64.ActiveCfg = Release|Any CPU
		{C467D9A3-252A-4662-A9B4-12940F590BCA}.Ad-Hoc|x86.ActiveCfg = Release|Any CPU
		{C467D9A3-252A-4662-A9B4-12940F590BCA}.AppStore|Any CPU.ActiveCfg = Release|Any CPU
		{C467D9A3-252A-4662-A9B4-12940F590BCA}.AppStore|Any CPU.Build.0 = Release|Any CPU
		{C467D9A3-252A-4662-A9B4-12940F590BCA}.AppStore|Any CPU.Deploy.0 = Release|Any CPU
		{C467D9A3-252A-4662-A9B4-12940F590BCA}.AppStore|ARM.ActiveCfg = Release|Any CPU
		{C467D9A3-252A-4662-A9B4-12940F590BCA}.AppStore|iPhone.ActiveCfg = Release|Any CPU
		{C467D9A3-252A-4662-A9B4-12940F590BCA}.AppStore|iPhoneSimulator.ActiveCfg = Release|Any CPU
		{C467D9A3-252A-4662-A9B4-12940F590BCA}.AppStore|Mixed Platforms.ActiveCfg = Release|Any CPU
		{C467D9A3-252A-4662-A9B4-12940F590BCA}.AppStore|Mixed Platforms.Build.0 = Release|Any CPU
		{C467D9A3-252A-4662-A9B4-12940F590BCA}.AppStore|Mixed Platforms.Deploy.0 = Release|Any CPU
		{C467D9A3-252A-4662-A9B4-12940F590BCA}.AppStore|x64.ActiveCfg = Release|Any CPU
		{C467D9A3-252A-4662-A9B4-12940F590BCA}.AppStore|x86.ActiveCfg = Release|Any CPU
		{C467D9A3-252A-4662-A9B4-12940F590BCA}.Debug|Any CPU.ActiveCfg = Debug|Any CPU
		{C467D9A3-252A-4662-A9B4-12940F590BCA}.Debug|Any CPU.Build.0 = Debug|Any CPU
		{C467D9A3-252A-4662-A9B4-12940F590BCA}.Debug|Any CPU.Deploy.0 = Debug|Any CPU
		{C467D9A3-252A-4662-A9B4-12940F590BCA}.Debug|ARM.ActiveCfg = Debug|Any CPU
		{C467D9A3-252A-4662-A9B4-12940F590BCA}.Debug|iPhone.ActiveCfg = Debug|Any CPU
		{C467D9A3-252A-4662-A9B4-12940F590BCA}.Debug|iPhoneSimulator.ActiveCfg = Debug|Any CPU
		{C467D9A3-252A-4662-A9B4-12940F590BCA}.Debug|Mixed Platforms.ActiveCfg = Debug|Any CPU
		{C467D9A3-252A-4662-A9B4-12940F590BCA}.Debug|Mixed Platforms.Build.0 = Debug|Any CPU
		{C467D9A3-252A-4662-A9B4-12940F590BCA}.Debug|Mixed Platforms.Deploy.0 = Debug|Any CPU
		{C467D9A3-252A-4662-A9B4-12940F590BCA}.Debug|x64.ActiveCfg = Debug|Any CPU
		{C467D9A3-252A-4662-A9B4-12940F590BCA}.Debug|x86.ActiveCfg = Debug|Any CPU
		{C467D9A3-252A-4662-A9B4-12940F590BCA}.Release|Any CPU.ActiveCfg = Release|Any CPU
		{C467D9A3-252A-4662-A9B4-12940F590BCA}.Release|Any CPU.Build.0 = Release|Any CPU
		{C467D9A3-252A-4662-A9B4-12940F590BCA}.Release|Any CPU.Deploy.0 = Release|Any CPU
		{C467D9A3-252A-4662-A9B4-12940F590BCA}.Release|ARM.ActiveCfg = Release|Any CPU
		{C467D9A3-252A-4662-A9B4-12940F590BCA}.Release|iPhone.ActiveCfg = Release|Any CPU
		{C467D9A3-252A-4662-A9B4-12940F590BCA}.Release|iPhoneSimulator.ActiveCfg = Release|Any CPU
		{C467D9A3-252A-4662-A9B4-12940F590BCA}.Release|Mixed Platforms.ActiveCfg = Release|Any CPU
		{C467D9A3-252A-4662-A9B4-12940F590BCA}.Release|Mixed Platforms.Build.0 = Release|Any CPU
		{C467D9A3-252A-4662-A9B4-12940F590BCA}.Release|Mixed Platforms.Deploy.0 = Release|Any CPU
		{C467D9A3-252A-4662-A9B4-12940F590BCA}.Release|x64.ActiveCfg = Release|Any CPU
		{C467D9A3-252A-4662-A9B4-12940F590BCA}.Release|x86.ActiveCfg = Release|Any CPU
		{59D7EC55-D25B-4308-A337-CFDE8B23168E}.Ad-Hoc|Any CPU.ActiveCfg = Release|Any CPU
		{59D7EC55-D25B-4308-A337-CFDE8B23168E}.Ad-Hoc|Any CPU.Build.0 = Release|Any CPU
		{59D7EC55-D25B-4308-A337-CFDE8B23168E}.Ad-Hoc|Any CPU.Deploy.0 = Release|Any CPU
		{59D7EC55-D25B-4308-A337-CFDE8B23168E}.Ad-Hoc|ARM.ActiveCfg = Release|ARM
		{59D7EC55-D25B-4308-A337-CFDE8B23168E}.Ad-Hoc|ARM.Build.0 = Release|ARM
		{59D7EC55-D25B-4308-A337-CFDE8B23168E}.Ad-Hoc|ARM.Deploy.0 = Release|ARM
		{59D7EC55-D25B-4308-A337-CFDE8B23168E}.Ad-Hoc|iPhone.ActiveCfg = Release|Any CPU
		{59D7EC55-D25B-4308-A337-CFDE8B23168E}.Ad-Hoc|iPhoneSimulator.ActiveCfg = Release|Any CPU
		{59D7EC55-D25B-4308-A337-CFDE8B23168E}.Ad-Hoc|Mixed Platforms.ActiveCfg = Release|x86
		{59D7EC55-D25B-4308-A337-CFDE8B23168E}.Ad-Hoc|Mixed Platforms.Build.0 = Release|x86
		{59D7EC55-D25B-4308-A337-CFDE8B23168E}.Ad-Hoc|Mixed Platforms.Deploy.0 = Release|x86
		{59D7EC55-D25B-4308-A337-CFDE8B23168E}.Ad-Hoc|x64.ActiveCfg = Release|Any CPU
		{59D7EC55-D25B-4308-A337-CFDE8B23168E}.Ad-Hoc|x86.ActiveCfg = Release|x86
		{59D7EC55-D25B-4308-A337-CFDE8B23168E}.Ad-Hoc|x86.Build.0 = Release|x86
		{59D7EC55-D25B-4308-A337-CFDE8B23168E}.Ad-Hoc|x86.Deploy.0 = Release|x86
		{59D7EC55-D25B-4308-A337-CFDE8B23168E}.AppStore|Any CPU.ActiveCfg = Release|Any CPU
		{59D7EC55-D25B-4308-A337-CFDE8B23168E}.AppStore|Any CPU.Build.0 = Release|Any CPU
		{59D7EC55-D25B-4308-A337-CFDE8B23168E}.AppStore|Any CPU.Deploy.0 = Release|Any CPU
		{59D7EC55-D25B-4308-A337-CFDE8B23168E}.AppStore|ARM.ActiveCfg = Release|ARM
		{59D7EC55-D25B-4308-A337-CFDE8B23168E}.AppStore|ARM.Build.0 = Release|ARM
		{59D7EC55-D25B-4308-A337-CFDE8B23168E}.AppStore|ARM.Deploy.0 = Release|ARM
		{59D7EC55-D25B-4308-A337-CFDE8B23168E}.AppStore|iPhone.ActiveCfg = Release|Any CPU
		{59D7EC55-D25B-4308-A337-CFDE8B23168E}.AppStore|iPhoneSimulator.ActiveCfg = Release|Any CPU
		{59D7EC55-D25B-4308-A337-CFDE8B23168E}.AppStore|Mixed Platforms.ActiveCfg = Release|x86
		{59D7EC55-D25B-4308-A337-CFDE8B23168E}.AppStore|Mixed Platforms.Build.0 = Release|x86
		{59D7EC55-D25B-4308-A337-CFDE8B23168E}.AppStore|Mixed Platforms.Deploy.0 = Release|x86
		{59D7EC55-D25B-4308-A337-CFDE8B23168E}.AppStore|x64.ActiveCfg = Release|Any CPU
		{59D7EC55-D25B-4308-A337-CFDE8B23168E}.AppStore|x86.ActiveCfg = Release|x86
		{59D7EC55-D25B-4308-A337-CFDE8B23168E}.AppStore|x86.Build.0 = Release|x86
		{59D7EC55-D25B-4308-A337-CFDE8B23168E}.AppStore|x86.Deploy.0 = Release|x86
		{59D7EC55-D25B-4308-A337-CFDE8B23168E}.Debug|Any CPU.ActiveCfg = Debug|Any CPU
		{59D7EC55-D25B-4308-A337-CFDE8B23168E}.Debug|Any CPU.Build.0 = Debug|Any CPU
		{59D7EC55-D25B-4308-A337-CFDE8B23168E}.Debug|Any CPU.Deploy.0 = Debug|Any CPU
		{59D7EC55-D25B-4308-A337-CFDE8B23168E}.Debug|ARM.ActiveCfg = Debug|ARM
		{59D7EC55-D25B-4308-A337-CFDE8B23168E}.Debug|ARM.Build.0 = Debug|ARM
		{59D7EC55-D25B-4308-A337-CFDE8B23168E}.Debug|ARM.Deploy.0 = Debug|ARM
		{59D7EC55-D25B-4308-A337-CFDE8B23168E}.Debug|iPhone.ActiveCfg = Debug|Any CPU
		{59D7EC55-D25B-4308-A337-CFDE8B23168E}.Debug|iPhoneSimulator.ActiveCfg = Debug|Any CPU
		{59D7EC55-D25B-4308-A337-CFDE8B23168E}.Debug|Mixed Platforms.ActiveCfg = Debug|x86
		{59D7EC55-D25B-4308-A337-CFDE8B23168E}.Debug|Mixed Platforms.Build.0 = Debug|x86
		{59D7EC55-D25B-4308-A337-CFDE8B23168E}.Debug|Mixed Platforms.Deploy.0 = Debug|x86
		{59D7EC55-D25B-4308-A337-CFDE8B23168E}.Debug|x64.ActiveCfg = Debug|Any CPU
		{59D7EC55-D25B-4308-A337-CFDE8B23168E}.Debug|x86.ActiveCfg = Debug|x86
		{59D7EC55-D25B-4308-A337-CFDE8B23168E}.Debug|x86.Build.0 = Debug|x86
		{59D7EC55-D25B-4308-A337-CFDE8B23168E}.Debug|x86.Deploy.0 = Debug|x86
		{59D7EC55-D25B-4308-A337-CFDE8B23168E}.Release|Any CPU.ActiveCfg = Release|Any CPU
		{59D7EC55-D25B-4308-A337-CFDE8B23168E}.Release|Any CPU.Build.0 = Release|Any CPU
		{59D7EC55-D25B-4308-A337-CFDE8B23168E}.Release|Any CPU.Deploy.0 = Release|Any CPU
		{59D7EC55-D25B-4308-A337-CFDE8B23168E}.Release|ARM.ActiveCfg = Release|ARM
		{59D7EC55-D25B-4308-A337-CFDE8B23168E}.Release|ARM.Build.0 = Release|ARM
		{59D7EC55-D25B-4308-A337-CFDE8B23168E}.Release|ARM.Deploy.0 = Release|ARM
		{59D7EC55-D25B-4308-A337-CFDE8B23168E}.Release|iPhone.ActiveCfg = Release|Any CPU
		{59D7EC55-D25B-4308-A337-CFDE8B23168E}.Release|iPhoneSimulator.ActiveCfg = Release|Any CPU
		{59D7EC55-D25B-4308-A337-CFDE8B23168E}.Release|Mixed Platforms.ActiveCfg = Release|x86
		{59D7EC55-D25B-4308-A337-CFDE8B23168E}.Release|Mixed Platforms.Build.0 = Release|x86
		{59D7EC55-D25B-4308-A337-CFDE8B23168E}.Release|Mixed Platforms.Deploy.0 = Release|x86
		{59D7EC55-D25B-4308-A337-CFDE8B23168E}.Release|x64.ActiveCfg = Release|Any CPU
		{59D7EC55-D25B-4308-A337-CFDE8B23168E}.Release|x86.ActiveCfg = Release|x86
		{59D7EC55-D25B-4308-A337-CFDE8B23168E}.Release|x86.Build.0 = Release|x86
		{59D7EC55-D25B-4308-A337-CFDE8B23168E}.Release|x86.Deploy.0 = Release|x86
		{5998EBC7-7FDA-4BF6-AA07-C408EDD95177}.Ad-Hoc|Any CPU.ActiveCfg = Release|Any CPU
		{5998EBC7-7FDA-4BF6-AA07-C408EDD95177}.Ad-Hoc|Any CPU.Build.0 = Release|Any CPU
		{5998EBC7-7FDA-4BF6-AA07-C408EDD95177}.Ad-Hoc|Any CPU.Deploy.0 = Release|Any CPU
		{5998EBC7-7FDA-4BF6-AA07-C408EDD95177}.Ad-Hoc|ARM.ActiveCfg = Release|Any CPU
		{5998EBC7-7FDA-4BF6-AA07-C408EDD95177}.Ad-Hoc|iPhone.ActiveCfg = Release|Any CPU
		{5998EBC7-7FDA-4BF6-AA07-C408EDD95177}.Ad-Hoc|iPhoneSimulator.ActiveCfg = Release|Any CPU
		{5998EBC7-7FDA-4BF6-AA07-C408EDD95177}.Ad-Hoc|Mixed Platforms.ActiveCfg = Release|Any CPU
		{5998EBC7-7FDA-4BF6-AA07-C408EDD95177}.Ad-Hoc|Mixed Platforms.Build.0 = Release|Any CPU
		{5998EBC7-7FDA-4BF6-AA07-C408EDD95177}.Ad-Hoc|Mixed Platforms.Deploy.0 = Release|Any CPU
		{5998EBC7-7FDA-4BF6-AA07-C408EDD95177}.Ad-Hoc|x64.ActiveCfg = Release|Any CPU
		{5998EBC7-7FDA-4BF6-AA07-C408EDD95177}.Ad-Hoc|x86.ActiveCfg = Release|Any CPU
		{5998EBC7-7FDA-4BF6-AA07-C408EDD95177}.AppStore|Any CPU.ActiveCfg = Release|Any CPU
		{5998EBC7-7FDA-4BF6-AA07-C408EDD95177}.AppStore|Any CPU.Build.0 = Release|Any CPU
		{5998EBC7-7FDA-4BF6-AA07-C408EDD95177}.AppStore|Any CPU.Deploy.0 = Release|Any CPU
		{5998EBC7-7FDA-4BF6-AA07-C408EDD95177}.AppStore|ARM.ActiveCfg = Release|Any CPU
		{5998EBC7-7FDA-4BF6-AA07-C408EDD95177}.AppStore|iPhone.ActiveCfg = Release|Any CPU
		{5998EBC7-7FDA-4BF6-AA07-C408EDD95177}.AppStore|iPhoneSimulator.ActiveCfg = Release|Any CPU
		{5998EBC7-7FDA-4BF6-AA07-C408EDD95177}.AppStore|Mixed Platforms.ActiveCfg = Release|Any CPU
		{5998EBC7-7FDA-4BF6-AA07-C408EDD95177}.AppStore|Mixed Platforms.Build.0 = Release|Any CPU
		{5998EBC7-7FDA-4BF6-AA07-C408EDD95177}.AppStore|Mixed Platforms.Deploy.0 = Release|Any CPU
		{5998EBC7-7FDA-4BF6-AA07-C408EDD95177}.AppStore|x64.ActiveCfg = Release|Any CPU
		{5998EBC7-7FDA-4BF6-AA07-C408EDD95177}.AppStore|x86.ActiveCfg = Release|Any CPU
		{5998EBC7-7FDA-4BF6-AA07-C408EDD95177}.Debug|Any CPU.ActiveCfg = Debug|Any CPU
		{5998EBC7-7FDA-4BF6-AA07-C408EDD95177}.Debug|Any CPU.Build.0 = Debug|Any CPU
		{5998EBC7-7FDA-4BF6-AA07-C408EDD95177}.Debug|Any CPU.Deploy.0 = Debug|Any CPU
		{5998EBC7-7FDA-4BF6-AA07-C408EDD95177}.Debug|ARM.ActiveCfg = Debug|Any CPU
		{5998EBC7-7FDA-4BF6-AA07-C408EDD95177}.Debug|iPhone.ActiveCfg = Debug|Any CPU
		{5998EBC7-7FDA-4BF6-AA07-C408EDD95177}.Debug|iPhoneSimulator.ActiveCfg = Debug|Any CPU
		{5998EBC7-7FDA-4BF6-AA07-C408EDD95177}.Debug|Mixed Platforms.ActiveCfg = Debug|Any CPU
		{5998EBC7-7FDA-4BF6-AA07-C408EDD95177}.Debug|Mixed Platforms.Build.0 = Debug|Any CPU
		{5998EBC7-7FDA-4BF6-AA07-C408EDD95177}.Debug|Mixed Platforms.Deploy.0 = Debug|Any CPU
		{5998EBC7-7FDA-4BF6-AA07-C408EDD95177}.Debug|x64.ActiveCfg = Debug|Any CPU
		{5998EBC7-7FDA-4BF6-AA07-C408EDD95177}.Debug|x86.ActiveCfg = Debug|Any CPU
		{5998EBC7-7FDA-4BF6-AA07-C408EDD95177}.Release|Any CPU.ActiveCfg = Release|Any CPU
		{5998EBC7-7FDA-4BF6-AA07-C408EDD95177}.Release|Any CPU.Build.0 = Release|Any CPU
		{5998EBC7-7FDA-4BF6-AA07-C408EDD95177}.Release|Any CPU.Deploy.0 = Release|Any CPU
		{5998EBC7-7FDA-4BF6-AA07-C408EDD95177}.Release|ARM.ActiveCfg = Release|Any CPU
		{5998EBC7-7FDA-4BF6-AA07-C408EDD95177}.Release|iPhone.ActiveCfg = Release|Any CPU
		{5998EBC7-7FDA-4BF6-AA07-C408EDD95177}.Release|iPhoneSimulator.ActiveCfg = Release|Any CPU
		{5998EBC7-7FDA-4BF6-AA07-C408EDD95177}.Release|Mixed Platforms.ActiveCfg = Release|Any CPU
		{5998EBC7-7FDA-4BF6-AA07-C408EDD95177}.Release|Mixed Platforms.Build.0 = Release|Any CPU
		{5998EBC7-7FDA-4BF6-AA07-C408EDD95177}.Release|Mixed Platforms.Deploy.0 = Release|Any CPU
		{5998EBC7-7FDA-4BF6-AA07-C408EDD95177}.Release|x64.ActiveCfg = Release|Any CPU
		{5998EBC7-7FDA-4BF6-AA07-C408EDD95177}.Release|x86.ActiveCfg = Release|Any CPU
		{78A642DD-B77A-4F58-B362-3844276E2D35}.Ad-Hoc|Any CPU.ActiveCfg = Release|Any CPU
		{78A642DD-B77A-4F58-B362-3844276E2D35}.Ad-Hoc|Any CPU.Build.0 = Release|Any CPU
		{78A642DD-B77A-4F58-B362-3844276E2D35}.Ad-Hoc|Any CPU.Deploy.0 = Release|Any CPU
		{78A642DD-B77A-4F58-B362-3844276E2D35}.Ad-Hoc|ARM.ActiveCfg = Release|ARM
		{78A642DD-B77A-4F58-B362-3844276E2D35}.Ad-Hoc|ARM.Build.0 = Release|ARM
		{78A642DD-B77A-4F58-B362-3844276E2D35}.Ad-Hoc|ARM.Deploy.0 = Release|ARM
		{78A642DD-B77A-4F58-B362-3844276E2D35}.Ad-Hoc|iPhone.ActiveCfg = Release|Any CPU
		{78A642DD-B77A-4F58-B362-3844276E2D35}.Ad-Hoc|iPhoneSimulator.ActiveCfg = Release|Any CPU
		{78A642DD-B77A-4F58-B362-3844276E2D35}.Ad-Hoc|Mixed Platforms.ActiveCfg = Release|x86
		{78A642DD-B77A-4F58-B362-3844276E2D35}.Ad-Hoc|Mixed Platforms.Build.0 = Release|x86
		{78A642DD-B77A-4F58-B362-3844276E2D35}.Ad-Hoc|Mixed Platforms.Deploy.0 = Release|x86
		{78A642DD-B77A-4F58-B362-3844276E2D35}.Ad-Hoc|x64.ActiveCfg = Release|x64
		{78A642DD-B77A-4F58-B362-3844276E2D35}.Ad-Hoc|x64.Build.0 = Release|x64
		{78A642DD-B77A-4F58-B362-3844276E2D35}.Ad-Hoc|x64.Deploy.0 = Release|x64
		{78A642DD-B77A-4F58-B362-3844276E2D35}.Ad-Hoc|x86.ActiveCfg = Release|x86
		{78A642DD-B77A-4F58-B362-3844276E2D35}.Ad-Hoc|x86.Build.0 = Release|x86
		{78A642DD-B77A-4F58-B362-3844276E2D35}.Ad-Hoc|x86.Deploy.0 = Release|x86
		{78A642DD-B77A-4F58-B362-3844276E2D35}.AppStore|Any CPU.ActiveCfg = Release|Any CPU
		{78A642DD-B77A-4F58-B362-3844276E2D35}.AppStore|Any CPU.Build.0 = Release|Any CPU
		{78A642DD-B77A-4F58-B362-3844276E2D35}.AppStore|Any CPU.Deploy.0 = Release|Any CPU
		{78A642DD-B77A-4F58-B362-3844276E2D35}.AppStore|ARM.ActiveCfg = Release|ARM
		{78A642DD-B77A-4F58-B362-3844276E2D35}.AppStore|ARM.Build.0 = Release|ARM
		{78A642DD-B77A-4F58-B362-3844276E2D35}.AppStore|ARM.Deploy.0 = Release|ARM
		{78A642DD-B77A-4F58-B362-3844276E2D35}.AppStore|iPhone.ActiveCfg = Release|Any CPU
		{78A642DD-B77A-4F58-B362-3844276E2D35}.AppStore|iPhoneSimulator.ActiveCfg = Release|Any CPU
		{78A642DD-B77A-4F58-B362-3844276E2D35}.AppStore|Mixed Platforms.ActiveCfg = Release|x86
		{78A642DD-B77A-4F58-B362-3844276E2D35}.AppStore|Mixed Platforms.Build.0 = Release|x86
		{78A642DD-B77A-4F58-B362-3844276E2D35}.AppStore|Mixed Platforms.Deploy.0 = Release|x86
		{78A642DD-B77A-4F58-B362-3844276E2D35}.AppStore|x64.ActiveCfg = Release|x64
		{78A642DD-B77A-4F58-B362-3844276E2D35}.AppStore|x64.Build.0 = Release|x64
		{78A642DD-B77A-4F58-B362-3844276E2D35}.AppStore|x64.Deploy.0 = Release|x64
		{78A642DD-B77A-4F58-B362-3844276E2D35}.AppStore|x86.ActiveCfg = Release|x86
		{78A642DD-B77A-4F58-B362-3844276E2D35}.AppStore|x86.Build.0 = Release|x86
		{78A642DD-B77A-4F58-B362-3844276E2D35}.AppStore|x86.Deploy.0 = Release|x86
		{78A642DD-B77A-4F58-B362-3844276E2D35}.Debug|Any CPU.ActiveCfg = Debug|Any CPU
		{78A642DD-B77A-4F58-B362-3844276E2D35}.Debug|Any CPU.Build.0 = Debug|Any CPU
		{78A642DD-B77A-4F58-B362-3844276E2D35}.Debug|Any CPU.Deploy.0 = Debug|Any CPU
		{78A642DD-B77A-4F58-B362-3844276E2D35}.Debug|ARM.ActiveCfg = Debug|ARM
		{78A642DD-B77A-4F58-B362-3844276E2D35}.Debug|ARM.Build.0 = Debug|ARM
		{78A642DD-B77A-4F58-B362-3844276E2D35}.Debug|ARM.Deploy.0 = Debug|ARM
		{78A642DD-B77A-4F58-B362-3844276E2D35}.Debug|iPhone.ActiveCfg = Debug|Any CPU
		{78A642DD-B77A-4F58-B362-3844276E2D35}.Debug|iPhoneSimulator.ActiveCfg = Debug|Any CPU
		{78A642DD-B77A-4F58-B362-3844276E2D35}.Debug|Mixed Platforms.ActiveCfg = Debug|x86
		{78A642DD-B77A-4F58-B362-3844276E2D35}.Debug|Mixed Platforms.Build.0 = Debug|x86
		{78A642DD-B77A-4F58-B362-3844276E2D35}.Debug|Mixed Platforms.Deploy.0 = Debug|x86
		{78A642DD-B77A-4F58-B362-3844276E2D35}.Debug|x64.ActiveCfg = Debug|x64
		{78A642DD-B77A-4F58-B362-3844276E2D35}.Debug|x64.Build.0 = Debug|x64
		{78A642DD-B77A-4F58-B362-3844276E2D35}.Debug|x64.Deploy.0 = Debug|x64
		{78A642DD-B77A-4F58-B362-3844276E2D35}.Debug|x86.ActiveCfg = Debug|x86
		{78A642DD-B77A-4F58-B362-3844276E2D35}.Debug|x86.Build.0 = Debug|x86
		{78A642DD-B77A-4F58-B362-3844276E2D35}.Debug|x86.Deploy.0 = Debug|x86
		{78A642DD-B77A-4F58-B362-3844276E2D35}.Release|Any CPU.ActiveCfg = Release|Any CPU
		{78A642DD-B77A-4F58-B362-3844276E2D35}.Release|Any CPU.Build.0 = Release|Any CPU
		{78A642DD-B77A-4F58-B362-3844276E2D35}.Release|Any CPU.Deploy.0 = Release|Any CPU
		{78A642DD-B77A-4F58-B362-3844276E2D35}.Release|ARM.ActiveCfg = Release|ARM
		{78A642DD-B77A-4F58-B362-3844276E2D35}.Release|ARM.Build.0 = Release|ARM
		{78A642DD-B77A-4F58-B362-3844276E2D35}.Release|ARM.Deploy.0 = Release|ARM
		{78A642DD-B77A-4F58-B362-3844276E2D35}.Release|iPhone.ActiveCfg = Release|Any CPU
		{78A642DD-B77A-4F58-B362-3844276E2D35}.Release|iPhoneSimulator.ActiveCfg = Release|Any CPU
		{78A642DD-B77A-4F58-B362-3844276E2D35}.Release|Mixed Platforms.ActiveCfg = Release|x86
		{78A642DD-B77A-4F58-B362-3844276E2D35}.Release|Mixed Platforms.Build.0 = Release|x86
		{78A642DD-B77A-4F58-B362-3844276E2D35}.Release|Mixed Platforms.Deploy.0 = Release|x86
		{78A642DD-B77A-4F58-B362-3844276E2D35}.Release|x64.ActiveCfg = Release|x64
		{78A642DD-B77A-4F58-B362-3844276E2D35}.Release|x64.Build.0 = Release|x64
		{78A642DD-B77A-4F58-B362-3844276E2D35}.Release|x64.Deploy.0 = Release|x64
		{78A642DD-B77A-4F58-B362-3844276E2D35}.Release|x86.ActiveCfg = Release|x86
		{78A642DD-B77A-4F58-B362-3844276E2D35}.Release|x86.Build.0 = Release|x86
		{78A642DD-B77A-4F58-B362-3844276E2D35}.Release|x86.Deploy.0 = Release|x86
		{65423D03-0071-4AAB-BBBE-23A2828A363A}.Ad-Hoc|Any CPU.ActiveCfg = Release|Any CPU
		{65423D03-0071-4AAB-BBBE-23A2828A363A}.Ad-Hoc|Any CPU.Build.0 = Release|Any CPU
		{65423D03-0071-4AAB-BBBE-23A2828A363A}.Ad-Hoc|Any CPU.Deploy.0 = Release|Any CPU
		{65423D03-0071-4AAB-BBBE-23A2828A363A}.Ad-Hoc|ARM.ActiveCfg = Release|ARM
		{65423D03-0071-4AAB-BBBE-23A2828A363A}.Ad-Hoc|ARM.Build.0 = Release|ARM
		{65423D03-0071-4AAB-BBBE-23A2828A363A}.Ad-Hoc|ARM.Deploy.0 = Release|ARM
		{65423D03-0071-4AAB-BBBE-23A2828A363A}.Ad-Hoc|iPhone.ActiveCfg = Release|Any CPU
		{65423D03-0071-4AAB-BBBE-23A2828A363A}.Ad-Hoc|iPhoneSimulator.ActiveCfg = Release|Any CPU
		{65423D03-0071-4AAB-BBBE-23A2828A363A}.Ad-Hoc|Mixed Platforms.ActiveCfg = Release|x86
		{65423D03-0071-4AAB-BBBE-23A2828A363A}.Ad-Hoc|Mixed Platforms.Build.0 = Release|x86
		{65423D03-0071-4AAB-BBBE-23A2828A363A}.Ad-Hoc|Mixed Platforms.Deploy.0 = Release|x86
		{65423D03-0071-4AAB-BBBE-23A2828A363A}.Ad-Hoc|x64.ActiveCfg = Release|Any CPU
		{65423D03-0071-4AAB-BBBE-23A2828A363A}.Ad-Hoc|x86.ActiveCfg = Release|x86
		{65423D03-0071-4AAB-BBBE-23A2828A363A}.Ad-Hoc|x86.Build.0 = Release|x86
		{65423D03-0071-4AAB-BBBE-23A2828A363A}.Ad-Hoc|x86.Deploy.0 = Release|x86
		{65423D03-0071-4AAB-BBBE-23A2828A363A}.AppStore|Any CPU.ActiveCfg = Release|Any CPU
		{65423D03-0071-4AAB-BBBE-23A2828A363A}.AppStore|Any CPU.Build.0 = Release|Any CPU
		{65423D03-0071-4AAB-BBBE-23A2828A363A}.AppStore|Any CPU.Deploy.0 = Release|Any CPU
		{65423D03-0071-4AAB-BBBE-23A2828A363A}.AppStore|ARM.ActiveCfg = Release|ARM
		{65423D03-0071-4AAB-BBBE-23A2828A363A}.AppStore|ARM.Build.0 = Release|ARM
		{65423D03-0071-4AAB-BBBE-23A2828A363A}.AppStore|ARM.Deploy.0 = Release|ARM
		{65423D03-0071-4AAB-BBBE-23A2828A363A}.AppStore|iPhone.ActiveCfg = Release|Any CPU
		{65423D03-0071-4AAB-BBBE-23A2828A363A}.AppStore|iPhoneSimulator.ActiveCfg = Release|Any CPU
		{65423D03-0071-4AAB-BBBE-23A2828A363A}.AppStore|Mixed Platforms.ActiveCfg = Release|x86
		{65423D03-0071-4AAB-BBBE-23A2828A363A}.AppStore|Mixed Platforms.Build.0 = Release|x86
		{65423D03-0071-4AAB-BBBE-23A2828A363A}.AppStore|Mixed Platforms.Deploy.0 = Release|x86
		{65423D03-0071-4AAB-BBBE-23A2828A363A}.AppStore|x64.ActiveCfg = Release|Any CPU
		{65423D03-0071-4AAB-BBBE-23A2828A363A}.AppStore|x86.ActiveCfg = Release|x86
		{65423D03-0071-4AAB-BBBE-23A2828A363A}.AppStore|x86.Build.0 = Release|x86
		{65423D03-0071-4AAB-BBBE-23A2828A363A}.AppStore|x86.Deploy.0 = Release|x86
		{65423D03-0071-4AAB-BBBE-23A2828A363A}.Debug|Any CPU.ActiveCfg = Debug|Any CPU
		{65423D03-0071-4AAB-BBBE-23A2828A363A}.Debug|Any CPU.Build.0 = Debug|Any CPU
		{65423D03-0071-4AAB-BBBE-23A2828A363A}.Debug|Any CPU.Deploy.0 = Debug|Any CPU
		{65423D03-0071-4AAB-BBBE-23A2828A363A}.Debug|ARM.ActiveCfg = Debug|ARM
		{65423D03-0071-4AAB-BBBE-23A2828A363A}.Debug|ARM.Build.0 = Debug|ARM
		{65423D03-0071-4AAB-BBBE-23A2828A363A}.Debug|ARM.Deploy.0 = Debug|ARM
		{65423D03-0071-4AAB-BBBE-23A2828A363A}.Debug|iPhone.ActiveCfg = Debug|Any CPU
		{65423D03-0071-4AAB-BBBE-23A2828A363A}.Debug|iPhoneSimulator.ActiveCfg = Debug|Any CPU
		{65423D03-0071-4AAB-BBBE-23A2828A363A}.Debug|Mixed Platforms.ActiveCfg = Debug|x86
		{65423D03-0071-4AAB-BBBE-23A2828A363A}.Debug|Mixed Platforms.Build.0 = Debug|x86
		{65423D03-0071-4AAB-BBBE-23A2828A363A}.Debug|Mixed Platforms.Deploy.0 = Debug|x86
		{65423D03-0071-4AAB-BBBE-23A2828A363A}.Debug|x64.ActiveCfg = Debug|Any CPU
		{65423D03-0071-4AAB-BBBE-23A2828A363A}.Debug|x86.ActiveCfg = Debug|x86
		{65423D03-0071-4AAB-BBBE-23A2828A363A}.Debug|x86.Build.0 = Debug|x86
		{65423D03-0071-4AAB-BBBE-23A2828A363A}.Debug|x86.Deploy.0 = Debug|x86
		{65423D03-0071-4AAB-BBBE-23A2828A363A}.Release|Any CPU.ActiveCfg = Release|Any CPU
		{65423D03-0071-4AAB-BBBE-23A2828A363A}.Release|Any CPU.Build.0 = Release|Any CPU
		{65423D03-0071-4AAB-BBBE-23A2828A363A}.Release|Any CPU.Deploy.0 = Release|Any CPU
		{65423D03-0071-4AAB-BBBE-23A2828A363A}.Release|ARM.ActiveCfg = Release|ARM
		{65423D03-0071-4AAB-BBBE-23A2828A363A}.Release|ARM.Build.0 = Release|ARM
		{65423D03-0071-4AAB-BBBE-23A2828A363A}.Release|ARM.Deploy.0 = Release|ARM
		{65423D03-0071-4AAB-BBBE-23A2828A363A}.Release|iPhone.ActiveCfg = Release|Any CPU
		{65423D03-0071-4AAB-BBBE-23A2828A363A}.Release|iPhoneSimulator.ActiveCfg = Release|Any CPU
		{65423D03-0071-4AAB-BBBE-23A2828A363A}.Release|Mixed Platforms.ActiveCfg = Release|x86
		{65423D03-0071-4AAB-BBBE-23A2828A363A}.Release|Mixed Platforms.Build.0 = Release|x86
		{65423D03-0071-4AAB-BBBE-23A2828A363A}.Release|Mixed Platforms.Deploy.0 = Release|x86
		{65423D03-0071-4AAB-BBBE-23A2828A363A}.Release|x64.ActiveCfg = Release|Any CPU
		{65423D03-0071-4AAB-BBBE-23A2828A363A}.Release|x86.ActiveCfg = Release|x86
		{65423D03-0071-4AAB-BBBE-23A2828A363A}.Release|x86.Build.0 = Release|x86
		{65423D03-0071-4AAB-BBBE-23A2828A363A}.Release|x86.Deploy.0 = Release|x86
		{521B822D-B8B5-4612-BD01-4362AD394780}.Ad-Hoc|Any CPU.ActiveCfg = Ad-Hoc|iPhone
		{521B822D-B8B5-4612-BD01-4362AD394780}.Ad-Hoc|ARM.ActiveCfg = Ad-Hoc|iPhone
		{521B822D-B8B5-4612-BD01-4362AD394780}.Ad-Hoc|iPhone.ActiveCfg = Ad-Hoc|iPhone
		{521B822D-B8B5-4612-BD01-4362AD394780}.Ad-Hoc|iPhone.Build.0 = Ad-Hoc|iPhone
		{521B822D-B8B5-4612-BD01-4362AD394780}.Ad-Hoc|iPhone.Deploy.0 = Ad-Hoc|iPhone
		{521B822D-B8B5-4612-BD01-4362AD394780}.Ad-Hoc|iPhoneSimulator.ActiveCfg = Ad-Hoc|iPhoneSimulator
		{521B822D-B8B5-4612-BD01-4362AD394780}.Ad-Hoc|iPhoneSimulator.Build.0 = Ad-Hoc|iPhoneSimulator
		{521B822D-B8B5-4612-BD01-4362AD394780}.Ad-Hoc|iPhoneSimulator.Deploy.0 = Ad-Hoc|iPhoneSimulator
		{521B822D-B8B5-4612-BD01-4362AD394780}.Ad-Hoc|Mixed Platforms.ActiveCfg = Ad-Hoc|iPhone
		{521B822D-B8B5-4612-BD01-4362AD394780}.Ad-Hoc|Mixed Platforms.Build.0 = Ad-Hoc|iPhone
		{521B822D-B8B5-4612-BD01-4362AD394780}.Ad-Hoc|Mixed Platforms.Deploy.0 = Ad-Hoc|iPhone
		{521B822D-B8B5-4612-BD01-4362AD394780}.Ad-Hoc|x64.ActiveCfg = Ad-Hoc|iPhone
		{521B822D-B8B5-4612-BD01-4362AD394780}.Ad-Hoc|x86.ActiveCfg = Ad-Hoc|iPhone
		{521B822D-B8B5-4612-BD01-4362AD394780}.AppStore|Any CPU.ActiveCfg = AppStore|iPhone
		{521B822D-B8B5-4612-BD01-4362AD394780}.AppStore|ARM.ActiveCfg = AppStore|iPhone
		{521B822D-B8B5-4612-BD01-4362AD394780}.AppStore|iPhone.ActiveCfg = AppStore|iPhone
		{521B822D-B8B5-4612-BD01-4362AD394780}.AppStore|iPhone.Build.0 = AppStore|iPhone
		{521B822D-B8B5-4612-BD01-4362AD394780}.AppStore|iPhone.Deploy.0 = AppStore|iPhone
		{521B822D-B8B5-4612-BD01-4362AD394780}.AppStore|iPhoneSimulator.ActiveCfg = AppStore|iPhoneSimulator
		{521B822D-B8B5-4612-BD01-4362AD394780}.AppStore|iPhoneSimulator.Build.0 = AppStore|iPhoneSimulator
		{521B822D-B8B5-4612-BD01-4362AD394780}.AppStore|iPhoneSimulator.Deploy.0 = AppStore|iPhoneSimulator
		{521B822D-B8B5-4612-BD01-4362AD394780}.AppStore|Mixed Platforms.ActiveCfg = AppStore|iPhone
		{521B822D-B8B5-4612-BD01-4362AD394780}.AppStore|Mixed Platforms.Build.0 = AppStore|iPhone
		{521B822D-B8B5-4612-BD01-4362AD394780}.AppStore|Mixed Platforms.Deploy.0 = AppStore|iPhone
		{521B822D-B8B5-4612-BD01-4362AD394780}.AppStore|x64.ActiveCfg = AppStore|iPhone
		{521B822D-B8B5-4612-BD01-4362AD394780}.AppStore|x86.ActiveCfg = AppStore|iPhone
		{521B822D-B8B5-4612-BD01-4362AD394780}.Debug|Any CPU.ActiveCfg = Debug|iPhone
		{521B822D-B8B5-4612-BD01-4362AD394780}.Debug|ARM.ActiveCfg = Debug|iPhone
		{521B822D-B8B5-4612-BD01-4362AD394780}.Debug|iPhone.ActiveCfg = Debug|iPhone
		{521B822D-B8B5-4612-BD01-4362AD394780}.Debug|iPhone.Build.0 = Debug|iPhone
		{521B822D-B8B5-4612-BD01-4362AD394780}.Debug|iPhone.Deploy.0 = Debug|iPhone
		{521B822D-B8B5-4612-BD01-4362AD394780}.Debug|iPhoneSimulator.ActiveCfg = Debug|iPhoneSimulator
		{521B822D-B8B5-4612-BD01-4362AD394780}.Debug|iPhoneSimulator.Build.0 = Debug|iPhoneSimulator
		{521B822D-B8B5-4612-BD01-4362AD394780}.Debug|iPhoneSimulator.Deploy.0 = Debug|iPhoneSimulator
		{521B822D-B8B5-4612-BD01-4362AD394780}.Debug|Mixed Platforms.ActiveCfg = Debug|iPhone
		{521B822D-B8B5-4612-BD01-4362AD394780}.Debug|Mixed Platforms.Build.0 = Debug|iPhone
		{521B822D-B8B5-4612-BD01-4362AD394780}.Debug|Mixed Platforms.Deploy.0 = Debug|iPhone
		{521B822D-B8B5-4612-BD01-4362AD394780}.Debug|x64.ActiveCfg = Debug|iPhone
		{521B822D-B8B5-4612-BD01-4362AD394780}.Debug|x86.ActiveCfg = Debug|iPhone
		{521B822D-B8B5-4612-BD01-4362AD394780}.Release|Any CPU.ActiveCfg = Release|iPhone
		{521B822D-B8B5-4612-BD01-4362AD394780}.Release|ARM.ActiveCfg = Release|iPhone
		{521B822D-B8B5-4612-BD01-4362AD394780}.Release|iPhone.ActiveCfg = Release|iPhone
		{521B822D-B8B5-4612-BD01-4362AD394780}.Release|iPhone.Build.0 = Release|iPhone
		{521B822D-B8B5-4612-BD01-4362AD394780}.Release|iPhone.Deploy.0 = Release|iPhone
		{521B822D-B8B5-4612-BD01-4362AD394780}.Release|iPhoneSimulator.ActiveCfg = Release|iPhoneSimulator
		{521B822D-B8B5-4612-BD01-4362AD394780}.Release|iPhoneSimulator.Build.0 = Release|iPhoneSimulator
		{521B822D-B8B5-4612-BD01-4362AD394780}.Release|iPhoneSimulator.Deploy.0 = Release|iPhoneSimulator
		{521B822D-B8B5-4612-BD01-4362AD394780}.Release|Mixed Platforms.ActiveCfg = Release|iPhone
		{521B822D-B8B5-4612-BD01-4362AD394780}.Release|Mixed Platforms.Build.0 = Release|iPhone
		{521B822D-B8B5-4612-BD01-4362AD394780}.Release|Mixed Platforms.Deploy.0 = Release|iPhone
		{521B822D-B8B5-4612-BD01-4362AD394780}.Release|x64.ActiveCfg = Release|iPhone
		{521B822D-B8B5-4612-BD01-4362AD394780}.Release|x86.ActiveCfg = Release|iPhone
	EndGlobalSection
	GlobalSection(SolutionProperties) = preSolution
		HideSolutionNode = FALSE
	EndGlobalSection
	GlobalSection(NestedProjects) = preSolution
		{58A412BE-D86C-44BD-8303-EFEB35D2384A} = {B565F2D7-61B9-40B1-98C7-F8BD70562ACF}
		{78A642DD-B77A-4F58-B362-3844276E2D35} = {B565F2D7-61B9-40B1-98C7-F8BD70562ACF}
		{65423D03-0071-4AAB-BBBE-23A2828A363A} = {B565F2D7-61B9-40B1-98C7-F8BD70562ACF}
	EndGlobalSection
EndGlobal
